
Microsoft Visual Studio Solution File, Format Version 12.00
# Visual Studio Version 17
VisualStudioVersion = 17.3.32922.545
MinimumVisualStudioVersion = 10.0.40219.1
Project("{FAE04EC0-301F-11D3-BF4B-00C04F79EFBC}") = "QuanLyNhanSu", "QuanLyNhanSu\QuanLyNhanSu.csproj", "{868CD632-08EC-4F0E-B2FE-5C0D7E349D74}"
EndProject
Global
	GlobalSection(SolutionConfigurationPlatforms) = preSolution
		Debug|Any CPU = Debug|Any CPU
		Release|Any CPU = Release|Any CPU
	EndGlobalSection
	GlobalSection(ProjectConfigurationPlatforms) = postSolution
		{868CD632-08EC-4F0E-B2FE-5C0D7E349D74}.Debug|Any CPU.ActiveCfg = Debug|Any CPU
		{868CD632-08EC-4F0E-B2FE-5C0D7E349D74}.Debug|Any CPU.Build.0 = Debug|Any CPU
		{868CD632-08EC-4F0E-B2FE-5C0D7E349D74}.Release|Any CPU.ActiveCfg = Release|Any CPU
		{868CD632-08EC-4F0E-B2FE-5C0D7E349D74}.Release|Any CPU.Build.0 = Release|Any CPU
	EndGlobalSection
	GlobalSection(SolutionProperties) = preSolution
		HideSolutionNode = FALSE
	EndGlobalSection
	GlobalSection(ExtensibilityGlobals) = postSolution
		SolutionGuid = {175C51DC-85AC-4CE3-B17F-845DF78668D6}
	EndGlobalSection
EndGlobal
